
Microsoft Visual Studio Solution File, Format Version 12.00
# Visual Studio Version 17
VisualStudioVersion = 17.7.34031.279
MinimumVisualStudioVersion = 10.0.40219.1
Project("{FAE04EC0-301F-11D3-BF4B-00C04F79EFBC}") = "Seminar3_1065", "Seminar3_1065.csproj", "{B1B2EA28-44B0-40C9-A75C-8374CDFC344E}"
EndProject
Global
	GlobalSection(SolutionConfigurationPlatforms) = preSolution
		Debug|Any CPU = Debug|Any CPU
		Release|Any CPU = Release|Any CPU
	EndGlobalSection
	GlobalSection(ProjectConfigurationPlatforms) = postSolution
		{B1B2EA28-44B0-40C9-A75C-8374CDFC344E}.Debug|Any CPU.ActiveCfg = Debug|Any CPU
		{B1B2EA28-44B0-40C9-A75C-8374CDFC344E}.Debug|Any CPU.Build.0 = Debug|Any CPU
		{B1B2EA28-44B0-40C9-A75C-8374CDFC344E}.Release|Any CPU.ActiveCfg = Release|Any CPU
		{B1B2EA28-44B0-40C9-A75C-8374CDFC344E}.Release|Any CPU.Build.0 = Release|Any CPU
	EndGlobalSection
	GlobalSection(SolutionProperties) = preSolution
		HideSolutionNode = FALSE
	EndGlobalSection
	GlobalSection(ExtensibilityGlobals) = postSolution
		SolutionGuid = {EEDFA0F7-D2F3-49B9-B34C-EDCB5F01BB01}
	EndGlobalSection
EndGlobal
